
Microsoft Visual Studio Solution File, Format Version 12.00
# Visual Studio Version 16
VisualStudioVersion = 16.0.30907.101
MinimumVisualStudioVersion = 10.0.40219.1
Project("{FAE04EC0-301F-11D3-BF4B-00C04F79EFBC}") = "tbQuest", "S1&2\tbQuest.csproj", "{9A511B01-0B85-482C-8D94-29BA492454EE}"
EndProject
Project("{FAE04EC0-301F-11D3-BF4B-00C04F79EFBC}") = "tbQuestS3", "S3\tbQuestS3.csproj", "{374E4255-9714-4C7B-B77B-187FDD4E2A88}"
EndProject
Project("{FAE04EC0-301F-11D3-BF4B-00C04F79EFBC}") = "tbQuestS4", "tbQuestS4\tbQuestS4.csproj", "{87E33C95-72FA-4719-A7AF-1E7C5FA0E8CE}"
EndProject
Project("{FAE04EC0-301F-11D3-BF4B-00C04F79EFBC}") = "tbQuestS5", "tbQuestS5\tbQuestS5.csproj", "{B8217A34-2613-4B45-B8EF-87F3BE4B2D98}"
EndProject
Global
	GlobalSection(SolutionConfigurationPlatforms) = preSolution
		Debug|Any CPU = Debug|Any CPU
		Release|Any CPU = Release|Any CPU
	EndGlobalSection
	GlobalSection(ProjectConfigurationPlatforms) = postSolution
		{9A511B01-0B85-482C-8D94-29BA492454EE}.Debug|Any CPU.ActiveCfg = Debug|Any CPU
		{9A511B01-0B85-482C-8D94-29BA492454EE}.Debug|Any CPU.Build.0 = Debug|Any CPU
		{9A511B01-0B85-482C-8D94-29BA492454EE}.Release|Any CPU.ActiveCfg = Release|Any CPU
		{9A511B01-0B85-482C-8D94-29BA492454EE}.Release|Any CPU.Build.0 = Release|Any CPU
		{374E4255-9714-4C7B-B77B-187FDD4E2A88}.Debug|Any CPU.ActiveCfg = Debug|Any CPU
		{374E4255-9714-4C7B-B77B-187FDD4E2A88}.Debug|Any CPU.Build.0 = Debug|Any CPU
		{374E4255-9714-4C7B-B77B-187FDD4E2A88}.Release|Any CPU.ActiveCfg = Release|Any CPU
		{374E4255-9714-4C7B-B77B-187FDD4E2A88}.Release|Any CPU.Build.0 = Release|Any CPU
		{87E33C95-72FA-4719-A7AF-1E7C5FA0E8CE}.Debug|Any CPU.ActiveCfg = Debug|Any CPU
		{87E33C95-72FA-4719-A7AF-1E7C5FA0E8CE}.Debug|Any CPU.Build.0 = Debug|Any CPU
		{87E33C95-72FA-4719-A7AF-1E7C5FA0E8CE}.Release|Any CPU.ActiveCfg = Release|Any CPU
		{87E33C95-72FA-4719-A7AF-1E7C5FA0E8CE}.Release|Any CPU.Build.0 = Release|Any CPU
		{B8217A34-2613-4B45-B8EF-87F3BE4B2D98}.Debug|Any CPU.ActiveCfg = Debug|Any CPU
		{B8217A34-2613-4B45-B8EF-87F3BE4B2D98}.Debug|Any CPU.Build.0 = Debug|Any CPU
		{B8217A34-2613-4B45-B8EF-87F3BE4B2D98}.Release|Any CPU.ActiveCfg = Release|Any CPU
		{B8217A34-2613-4B45-B8EF-87F3BE4B2D98}.Release|Any CPU.Build.0 = Release|Any CPU
	EndGlobalSection
	GlobalSection(SolutionProperties) = preSolution
		HideSolutionNode = FALSE
	EndGlobalSection
	GlobalSection(ExtensibilityGlobals) = postSolution
		SolutionGuid = {79BEFA40-1978-4B54-B0C4-C8BBDD5A2D4B}
	EndGlobalSection
EndGlobal
